
Microsoft Visual Studio Solution File, Format Version 12.00
# Visual Studio Version 16
VisualStudioVersion = 16.0.31911.196
MinimumVisualStudioVersion = 10.0.40219.1
Project("{FAE04EC0-301F-11D3-BF4B-00C04F79EFBC}") = "ButtonTutorial.Android", "ButtonTutorial\ButtonTutorial.Android\ButtonTutorial.Android.csproj", "{3D5B0212-06AD-411C-BCBE-D141E2EC4CD6}"
EndProject
Project("{FAE04EC0-301F-11D3-BF4B-00C04F79EFBC}") = "ButtonTutorial", "ButtonTutorial\ButtonTutorial\ButtonTutorial.csproj", "{999947C6-C266-4926-976F-99E3486633B5}"
EndProject
Global
	GlobalSection(SolutionConfigurationPlatforms) = preSolution
		Debug|Any CPU = Debug|Any CPU
		Release|Any CPU = Release|Any CPU
	EndGlobalSection
	GlobalSection(ProjectConfigurationPlatforms) = postSolution
		{3D5B0212-06AD-411C-BCBE-D141E2EC4CD6}.Debug|Any CPU.ActiveCfg = Debug|Any CPU
		{3D5B0212-06AD-411C-BCBE-D141E2EC4CD6}.Debug|Any CPU.Build.0 = Debug|Any CPU
		{3D5B0212-06AD-411C-BCBE-D141E2EC4CD6}.Debug|Any CPU.Deploy.0 = Debug|Any CPU
		{3D5B0212-06AD-411C-BCBE-D141E2EC4CD6}.Release|Any CPU.ActiveCfg = Release|Any CPU
		{3D5B0212-06AD-411C-BCBE-D141E2EC4CD6}.Release|Any CPU.Build.0 = Release|Any CPU
		{3D5B0212-06AD-411C-BCBE-D141E2EC4CD6}.Release|Any CPU.Deploy.0 = Release|Any CPU
		{999947C6-C266-4926-976F-99E3486633B5}.Debug|Any CPU.ActiveCfg = Debug|Any CPU
		{999947C6-C266-4926-976F-99E3486633B5}.Debug|Any CPU.Build.0 = Debug|Any CPU
		{999947C6-C266-4926-976F-99E3486633B5}.Debug|Any CPU.Deploy.0 = Debug|Any CPU
		{999947C6-C266-4926-976F-99E3486633B5}.Release|Any CPU.ActiveCfg = Release|Any CPU
		{999947C6-C266-4926-976F-99E3486633B5}.Release|Any CPU.Build.0 = Release|Any CPU
		{999947C6-C266-4926-976F-99E3486633B5}.Release|Any CPU.Deploy.0 = Release|Any CPU
	EndGlobalSection
	GlobalSection(SolutionProperties) = preSolution
		HideSolutionNode = FALSE
	EndGlobalSection
	GlobalSection(ExtensibilityGlobals) = postSolution
		SolutionGuid = {271B47F3-13F1-44FC-9D0C-85030512A140}
	EndGlobalSection
EndGlobal
